
Microsoft Visual Studio Solution File, Format Version 12.00
Project("{FAE04EC0-301F-11D3-BF4B-00C04F79EFBC}") = "CalculatorEngine", "CalculatorEngine\CalculatorEngine.csproj", "{599DB267-0CE2-4542-8926-D024F289C4A0}"
EndProject
Project("{FAE04EC0-301F-11D3-BF4B-00C04F79EFBC}") = "CalculatorEngineUnitTests", "CalculatorEngineUnitTests\CalculatorEngineUnitTests.csproj", "{5579B116-F42E-461F-A0FA-12632B45A8F7}"
EndProject
Global
	GlobalSection(SolutionConfigurationPlatforms) = preSolution
		Debug|Any CPU = Debug|Any CPU
		Release|Any CPU = Release|Any CPU
	EndGlobalSection
	GlobalSection(ProjectConfigurationPlatforms) = postSolution
		{599DB267-0CE2-4542-8926-D024F289C4A0}.Debug|Any CPU.ActiveCfg = Debug|Any CPU
		{599DB267-0CE2-4542-8926-D024F289C4A0}.Debug|Any CPU.Build.0 = Debug|Any CPU
		{599DB267-0CE2-4542-8926-D024F289C4A0}.Release|Any CPU.ActiveCfg = Release|Any CPU
		{599DB267-0CE2-4542-8926-D024F289C4A0}.Release|Any CPU.Build.0 = Release|Any CPU
		{5579B116-F42E-461F-A0FA-12632B45A8F7}.Debug|Any CPU.ActiveCfg = Debug|Any CPU
		{5579B116-F42E-461F-A0FA-12632B45A8F7}.Debug|Any CPU.Build.0 = Debug|Any CPU
		{5579B116-F42E-461F-A0FA-12632B45A8F7}.Release|Any CPU.ActiveCfg = Release|Any CPU
		{5579B116-F42E-461F-A0FA-12632B45A8F7}.Release|Any CPU.Build.0 = Release|Any CPU
	EndGlobalSection
EndGlobal
